dependencies:
- name: kafka
  repository: https://charts.bitnami.com/bitnami
  version: 24.0.10
- name: keycloak
  repository: file://../charts/keycloak
  version: 0.1.0
- name: postgresql-accounts
  repository: file://../charts/postgresql-accounts
  version: 0.1.0
- name: postgresql-exchange
  repository: file://../charts/postgresql-exchange
  version: 0.1.0
- name: postgresql-notifications
  repository: file://../charts/postgresql-notifications
  version: 0.1.0
- name: service-gateway
  repository: file://../charts/service-gateway
  version: 0.1.0
- name: service-front
  repository: file://../charts/service-front
  version: 0.1.0
- name: service-accounts
  repository: file://../charts/service-accounts
  version: 0.1.0
- name: service-cash
  repository: file://../charts/service-cash
  version: 0.1.0
- name: service-convert
  repository: file://../charts/service-convert
  version: 0.1.0
- name: service-exchange
  repository: file://../charts/service-exchange
  version: 0.1.0
- name: service-transfer
  repository: file://../charts/service-transfer
  version: 0.1.0
- name: service-blocker
  repository: file://../charts/service-blocker
  version: 0.1.0
- name: service-notifications
  repository: file://../charts/service-notifications
  version: 0.1.0
digest: sha256:5da520bf2383ae0626b79565b6984742367be61b01d954d502ca964e0c3f6a99
generated: "2025-08-07T16:52:39.14068+02:00"
